
Microsoft Visual Studio Solution File, Format Version 12.00
# Visual Studio Version 17
VisualStudioVersion = 17.5.002.0
MinimumVisualStudioVersion = 10.0.40219.1
Project("{9A19103F-16F7-4668-BE54-9A1E7A4F7556}") = "Tp1Conversion", "Tp1Conversion.csproj", "{FD94BC17-AE60-4577-A944-FBA48FAD8209}"
EndProject
Global
	GlobalSection(SolutionConfigurationPlatforms) = preSolution
		Debug|Any CPU = Debug|Any CPU
		Release|Any CPU = Release|Any CPU
	EndGlobalSection
	GlobalSection(ProjectConfigurationPlatforms) = postSolution
		{FD94BC17-AE60-4577-A944-FBA48FAD8209}.Debug|Any CPU.ActiveCfg = Debug|Any CPU
		{FD94BC17-AE60-4577-A944-FBA48FAD8209}.Debug|Any CPU.Build.0 = Debug|Any CPU
		{FD94BC17-AE60-4577-A944-FBA48FAD8209}.Release|Any CPU.ActiveCfg = Release|Any CPU
		{FD94BC17-AE60-4577-A944-FBA48FAD8209}.Release|Any CPU.Build.0 = Release|Any CPU
	EndGlobalSection
	GlobalSection(SolutionProperties) = preSolution
		HideSolutionNode = FALSE
	EndGlobalSection
	GlobalSection(ExtensibilityGlobals) = postSolution
		SolutionGuid = {B67F551E-3564-41A5-90EA-1F345FD22053}
	EndGlobalSection
EndGlobal
